
Microsoft Visual Studio Solution File, Format Version 12.00
# Visual Studio Version 16
VisualStudioVersion = 16.0.29806.167
MinimumVisualStudioVersion = 10.0.40219.1
Project("{9A19103F-16F7-4668-BE54-9A1E7A4F7556}") = "ASP.NETCoreBOT", "ASP.NETCoreBOT\ASP.NETCoreBOT.csproj", "{F93DB910-C00D-4CF1-B448-086D3793C313}"
EndProject
Global
	GlobalSection(SolutionConfigurationPlatforms) = preSolution
		Debug|Any CPU = Debug|Any CPU
		Release|Any CPU = Release|Any CPU
	EndGlobalSection
	GlobalSection(ProjectConfigurationPlatforms) = postSolution
		{F93DB910-C00D-4CF1-B448-086D3793C313}.Debug|Any CPU.ActiveCfg = Debug|Any CPU
		{F93DB910-C00D-4CF1-B448-086D3793C313}.Debug|Any CPU.Build.0 = Debug|Any CPU
		{F93DB910-C00D-4CF1-B448-086D3793C313}.Release|Any CPU.ActiveCfg = Release|Any CPU
		{F93DB910-C00D-4CF1-B448-086D3793C313}.Release|Any CPU.Build.0 = Release|Any CPU
	EndGlobalSection
	GlobalSection(SolutionProperties) = preSolution
		HideSolutionNode = FALSE
	EndGlobalSection
	GlobalSection(ExtensibilityGlobals) = postSolution
		SolutionGuid = {823649D4-77E4-4932-9C21-6CCEAFD55008}
	EndGlobalSection
EndGlobal
